// !$*UTF8*$!
{
	archiveVersion = 1;
	classes = {
	};
	objectVersion = 46;
	objects = {

/* Begin PBXBuildFile section */
		3D8F576119BC07F20008FDB9 /* AppDelegate.swift in Sources */ = {isa = PBXBuildFile; fileRef = 3D8F576019BC07F20008FDB9 /* AppDelegate.swift */; };
		3D8F576319BC07F20008FDB9 /* ViewController.swift in Sources */ = {isa = PBXBuildFile; fileRef = 3D8F576219BC07F20008FDB9 /* ViewController.swift */; };
		3D8F576619BC07F20008FDB9 /* Main.storyboard in Resources */ = {isa = PBXBuildFile; fileRef = 3D8F576419BC07F20008FDB9 /* Main.storyboard */; };
		3D8F576819BC07F20008FDB9 /* Images.xcassets in Resources */ = {isa = PBXBuildFile; fileRef = 3D8F576719BC07F20008FDB9 /* Images.xcassets */; };
		3D8F577419BC07F20008FDB9 /* FacebookTake2Tests.swift in Sources */ = {isa = PBXBuildFile; fileRef = 3D8F577319BC07F20008FDB9 /* FacebookTake2Tests.swift */; };
		3D8F577E19BC17A90008FDB9 /* DetailViewController.swift in Sources */ = {isa = PBXBuildFile; fileRef = 3D8F577D19BC17A90008FDB9 /* DetailViewController.swift */; };
		3D8F578019BC1C7C0008FDB9 /* StatusUpdateViewController.swift in Sources */ = {isa = PBXBuildFile; fileRef = 3D8F577F19BC1C7C0008FDB9 /* StatusUpdateViewController.swift */; };
		3D8F578219BC25E50008FDB9 /* CameraViewController.swift in Sources */ = {isa = PBXBuildFile; fileRef = 3D8F578119BC25E50008FDB9 /* CameraViewController.swift */; };
		3D8F578419BC26000008FDB9 /* CheckInViewController.swift in Sources */ = {isa = PBXBuildFile; fileRef = 3D8F578319BC26000008FDB9 /* CheckInViewController.swift */; };
/* End PBXBuildFile section */

/* Begin PBXContainerItemProxy section */
		3D8F576E19BC07F20008FDB9 /* PBXContainerItemProxy */ = {
			isa = PBXContainerItemProxy;
			containerPortal = 3D8F575319BC07F20008FDB9 /* Project object */;
			proxyType = 1;
			remoteGlobalIDString = 3D8F575A19BC07F20008FDB9;
			remoteInfo = FacebookTake2;
		};
/* End PBXContainerItemProxy section */

/* Begin PBXFileReference section */
		3D8F575B19BC07F20008FDB9 /* FacebookTake2.app */ = {isa = PBXFileReference; explicitFileType = wrapper.application; includeInIndex = 0; path = FacebookTake2.app; sourceTree = BUILT_PRODUCTS_DIR; };
		3D8F575F19BC07F20008FDB9 /* Info.plist */ = {isa = PBXFileReference; lastKnownFileType = text.plist.xml; path = Info.plist; sourceTree = "<group>"; };
		3D8F576019BC07F20008FDB9 /* AppDelegate.swift */ = {isa = PBXFileReference; lastKnownFileType = sourcecode.swift; path = AppDelegate.swift; sourceTree = "<group>"; };
		3D8F576219BC07F20008FDB9 /* ViewController.swift */ = {isa = PBXFileReference; lastKnownFileType = sourcecode.swift; path = ViewController.swift; sourceTree = "<group>"; };
		3D8F576519BC07F20008FDB9 /* Base */ = {isa = PBXFileReference; lastKnownFileType = file.storyboard; name = Base; path = Base.lproj/Main.storyboard; sourceTree = "<group>"; };
		3D8F576719BC07F20008FDB9 /* Images.xcassets */ = {isa = PBXFileReference; lastKnownFileType = folder.assetcatalog; path = Images.xcassets; sourceTree = "<group>"; };
		3D8F576D19BC07F20008FDB9 /* FacebookTake2Tests.xctest */ = {isa = PBXFileReference; explicitFileType = wrapper.cfbundle; includeInIndex = 0; path = FacebookTake2Tests.xctest; sourceTree = BUILT_PRODUCTS_DIR; };
		3D8F577219BC07F20008FDB9 /* Info.plist */ = {isa = PBXFileReference; lastKnownFileType = text.plist.xml; path = Info.plist; sourceTree = "<group>"; };
		3D8F577319BC07F20008FDB9 /* FacebookTake2Tests.swift */ = {isa = PBXFileReference; lastKnownFileType = sourcecode.swift; path = FacebookTake2Tests.swift; sourceTree = "<group>"; };
		3D8F577D19BC17A90008FDB9 /* DetailViewController.swift */ = {isa = PBXFileReference; fileEncoding = 4; lastKnownFileType = sourcecode.swift; path = DetailViewController.swift; sourceTree = "<group>"; };
		3D8F577F19BC1C7C0008FDB9 /* StatusUpdateViewController.swift */ = {isa = PBXFileReference; fileEncoding = 4; lastKnownFileType = sourcecode.swift; path = StatusUpdateViewController.swift; sourceTree = "<group>"; };
		3D8F578119BC25E50008FDB9 /* CameraViewController.swift */ = {isa = PBXFileReference; fileEncoding = 4; lastKnownFileType = sourcecode.swift; path = CameraViewController.swift; sourceTree = "<group>"; };
		3D8F578319BC26000008FDB9 /* CheckInViewController.swift */ = {isa = PBXFileReference; fileEncoding = 4; lastKnownFileType = sourcecode.swift; path = CheckInViewController.swift; sourceTree = "<group>"; };
/* End PBXFileReference section */

/* Begin PBXFrameworksBuildPhase section */
		3D8F575819BC07F20008FDB9 /* Frameworks */ = {
			isa = PBXFrameworksBuildPhase;
			buildActionMask = 2147483647;
			files = (
			);
			runOnlyForDeploymentPostprocessing = 0;
		};
		3D8F576A19BC07F20008FDB9 /* Frameworks */ = {
			isa = PBXFrameworksBuildPhase;
			buildActionMask = 2147483647;
			files = (
			);
			runOnlyForDeploymentPostprocessing = 0;
		};
/* End PBXFrameworksBuildPhase section */

/* Begin PBXGroup section */
		3D8F575219BC07F20008FDB9 = {
			isa = PBXGroup;
			children = (
				3D8F575D19BC07F20008FDB9 /* FacebookTake2 */,
				3D8F577019BC07F20008FDB9 /* FacebookTake2Tests */,
				3D8F575C19BC07F20008FDB9 /* Products */,
			);
			sourceTree = "<group>";
		};
		3D8F575C19BC07F20008FDB9 /* Products */ = {
			isa = PBXGroup;
			children = (
				3D8F575B19BC07F20008FDB9 /* FacebookTake2.app */,
				3D8F576D19BC07F20008FDB9 /* FacebookTake2Tests.xctest */,
			);
			name = Products;
			sourceTree = "<group>";
		};
		3D8F575D19BC07F20008FDB9 /* FacebookTake2 */ = {
			isa = PBXGroup;
			children = (
				3D8F576019BC07F20008FDB9 /* AppDelegate.swift */,
				3D8F576219BC07F20008FDB9 /* ViewController.swift */,
				3D8F576419BC07F20008FDB9 /* Main.storyboard */,
				3D8F578319BC26000008FDB9 /* CheckInViewController.swift */,
				3D8F578119BC25E50008FDB9 /* CameraViewController.swift */,
				3D8F577F19BC1C7C0008FDB9 /* StatusUpdateViewController.swift */,
				3D8F577D19BC17A90008FDB9 /* DetailViewController.swift */,
				3D8F576719BC07F20008FDB9 /* Images.xcassets */,
				3D8F575E19BC07F20008FDB9 /* Supporting Files */,
			);
			path = FacebookTake2;
			sourceTree = "<group>";
		};
		3D8F575E19BC07F20008FDB9 /* Supporting Files */ = {
			isa = PBXGroup;
			children = (
				3D8F575F19BC07F20008FDB9 /* Info.plist */,
			);
			name = "Supporting Files";
			sourceTree = "<group>";
		};
		3D8F577019BC07F20008FDB9 /* FacebookTake2Tests */ = {
			isa = PBXGroup;
			children = (
				3D8F577319BC07F20008FDB9 /* FacebookTake2Tests.swift */,
				3D8F577119BC07F20008FDB9 /* Supporting Files */,
			);
			path = FacebookTake2Tests;
			sourceTree = "<group>";
		};
		3D8F577119BC07F20008FDB9 /* Supporting Files */ = {
			isa = PBXGroup;
			children = (
				3D8F577219BC07F20008FDB9 /* Info.plist */,
			);
			name = "Supporting Files";
			sourceTree = "<group>";
		};
/* End PBXGroup section */

/* Begin PBXNativeTarget section */
		3D8F575A19BC07F20008FDB9 /* FacebookTake2 */ = {
			isa = PBXNativeTarget;
			buildConfigurationList = 3D8F577719BC07F20008FDB9 /* Build configuration list for PBXNativeTarget "FacebookTake2" */;
			buildPhases = (
				3D8F575719BC07F20008FDB9 /* Sources */,
				3D8F575819BC07F20008FDB9 /* Frameworks */,
				3D8F575919BC07F20008FDB9 /* Resources */,
			);
			buildRules = (
			);
			dependencies = (
			);
			name = FacebookTake2;
			productName = FacebookTake2;
			productReference = 3D8F575B19BC07F20008FDB9 /* FacebookTake2.app */;
			productType = "com.apple.product-type.application";
		};
		3D8F576C19BC07F20008FDB9 /* FacebookTake2Tests */ = {
			isa = PBXNativeTarget;
			buildConfigurationList = 3D8F577A19BC07F20008FDB9 /* Build configuration list for PBXNativeTarget "FacebookTake2Tests" */;
			buildPhases = (
				3D8F576919BC07F20008FDB9 /* Sources */,
				3D8F576A19BC07F20008FDB9 /* Frameworks */,
				3D8F576B19BC07F20008FDB9 /* Resources */,
			);
			buildRules = (
			);
			dependencies = (
				3D8F576F19BC07F20008FDB9 /* PBXTargetDependency */,
			);
			name = FacebookTake2Tests;
			productName = FacebookTake2Tests;
			productReference = 3D8F576D19BC07F20008FDB9 /* FacebookTake2Tests.xctest */;
			productType = "com.apple.product-type.bundle.unit-test";
		};
/* End PBXNativeTarget section */

/* Begin PBXProject section */
		3D8F575319BC07F20008FDB9 /* Project object */ = {
			isa = PBXProject;
			attributes = {
				LastUpgradeCheck = 0600;
				ORGANIZATIONNAME = "Maya Venkatraman";
				TargetAttributes = {
					3D8F575A19BC07F20008FDB9 = {
						CreatedOnToolsVersion = 6.0;
					};
					3D8F576C19BC07F20008FDB9 = {
						CreatedOnToolsVersion = 6.0;
						TestTargetID = 3D8F575A19BC07F20008FDB9;
					};
				};
			};
			buildConfigurationList = 3D8F575619BC07F20008FDB9 /* Build configuration list for PBXProject "FacebookTake2" */;
			compatibilityVersion = "Xcode 3.2";
			developmentRegion = English;
			hasScannedForEncodings = 0;
			knownRegions = (
				en,
				Base,
			);
			mainGroup = 3D8F575219BC07F20008FDB9;
			productRefGroup = 3D8F575C19BC07F20008FDB9 /* Products */;
			projectDirPath = "";
			projectRoot = "";
			targets = (
				3D8F575A19BC07F20008FDB9 /* FacebookTake2 */,
				3D8F576C19BC07F20008FDB9 /* FacebookTake2Tests */,
			);
		};
/* End PBXProject section */

/* Begin PBXResourcesBuildPhase section */
		3D8F575919BC07F20008FDB9 /* Resources */ = {
			isa = PBXResourcesBuildPhase;
			buildActionMask = 2147483647;
			files = (
				3D8F576619BC07F20008FDB9 /* Main.storyboard in Resources */,
				3D8F576819BC07F20008FDB9 /* Images.xcassets in Resources */,
			);
			runOnlyForDeploymentPostprocessing = 0;
		};
		3D8F576B19BC07F20008FDB9 /* Resources */ = {
			isa = PBXResourcesBuildPhase;
			buildActionMask = 2147483647;
			files = (
			);
			runOnlyForDeploymentPostprocessing = 0;
		};
/* End PBXResourcesBuildPhase section */

/* Begin PBXSourcesBuildPhase section */
		3D8F575719BC07F20008FDB9 /* Sources */ = {
			isa = PBXSourcesBuildPhase;
			buildActionMask = 2147483647;
			files = (
				3D8F577E19BC17A90008FDB9 /* DetailViewController.swift in Sources */,
				3D8F578219BC25E50008FDB9 /* CameraViewController.swift in Sources */,
				3D8F576319BC07F20008FDB9 /* ViewController.swift in Sources */,
				3D8F578019BC1C7C0008FDB9 /* StatusUpdateViewController.swift in Sources */,
				3D8F578419BC26000008FDB9 /* CheckInViewController.swift in Sources */,
				3D8F576119BC07F20008FDB9 /* AppDelegate.swift in Sources */,
			);
			runOnlyForDeploymentPostprocessing = 0;
		};
		3D8F576919BC07F20008FDB9 /* Sources */ = {
			isa = PBXSourcesBuildPhase;
			buildActionMask = 2147483647;
			files = (
				3D8F577419BC07F20008FDB9 /* FacebookTake2Tests.swift in Sources */,
			);
			runOnlyForDeploymentPostprocessing = 0;
		};
/* End PBXSourcesBuildPhase section */

/* Begin PBXTargetDependency section */
		3D8F576F19BC07F20008FDB9 /* PBXTargetDependency */ = {
			isa = PBXTargetDependency;
			target = 3D8F575A19BC07F20008FDB9 /* FacebookTake2 */;
			targetProxy = 3D8F576E19BC07F20008FDB9 /* PBXContainerItemProxy */;
		};
/* End PBXTargetDependency section */

/* Begin PBXVariantGroup section */
		3D8F576419BC07F20008FDB9 /* Main.storyboard */ = {
			isa = PBXVariantGroup;
			children = (
				3D8F576519BC07F20008FDB9 /* Base */,
			);
			name = Main.storyboard;
			sourceTree = "<group>";
		};
/* End PBXVariantGroup section */

/* Begin XCBuildConfiguration section */
		3D8F577519BC07F20008FDB9 /* Debug */ = {
			isa = XCBuildConfiguration;
			buildSettings = {
				ALWAYS_SEARCH_USER_PATHS = NO;
				CLANG_CXX_LANGUAGE_STANDARD = "gnu++0x";
				CLANG_CXX_LIBRARY = "libc++";
				CLANG_ENABLE_MODULES = YES;
				CLANG_ENABLE_OBJC_ARC = YES;
				CLANG_WARN_BOOL_CONVERSION = YES;
				CLANG_WARN_CONSTANT_CONVERSION = YES;
				CLANG_WARN_DIRECT_OBJC_ISA_USAGE = YES_ERROR;
				CLANG_WARN_EMPTY_BODY = YES;
				CLANG_WARN_ENUM_CONVERSION = YES;
				CLANG_WARN_INT_CONVERSION = YES;
				CLANG_WARN_OBJC_ROOT_CLASS = YES_ERROR;
				CLANG_WARN_UNREACHABLE_CODE = YES;
				CLANG_WARN__DUPLICATE_METHOD_MATCH = YES;
				"CODE_SIGN_IDENTITY[sdk=iphoneos*]" = "iPhone Developer";
				COPY_PHASE_STRIP = NO;
				ENABLE_STRICT_OBJC_MSGSEND = YES;
				GCC_C_LANGUAGE_STANDARD = gnu99;
				GCC_DYNAMIC_NO_PIC = NO;
				GCC_OPTIMIZATION_LEVEL = 0;
				GCC_PREPROCESSOR_DEFINITIONS = (
					"DEBUG=1",
					"$(inherited)",
				);
				GCC_SYMBOLS_PRIVATE_EXTERN = NO;
				GCC_WARN_64_TO_32_BIT_CONVERSION = YES;
				GCC_WARN_ABOUT_RETURN_TYPE = YES_ERROR;
				GCC_WARN_UNDECLARED_SELECTOR = YES;
				GCC_WARN_UNINITIALIZED_AUTOS = YES_AGGRESSIVE;
				GCC_WARN_UNUSED_FUNCTION = YES;
				GCC_WARN_UNUSED_VARIABLE = YES;
				IPHONEOS_DEPLOYMENT_TARGET = 8.0;
				MTL_ENABLE_DEBUG_INFO = YES;
				ONLY_ACTIVE_ARCH = YES;
				SDKROOT = iphoneos;
				SWIFT_OPTIMIZATION_LEVEL = "-Onone";
				TARGETED_DEVICE_FAMILY = "1,2";
			};
			name = Debug;
		};
		3D8F577619BC07F20008FDB9 /* Release */ = {
			isa = XCBuildConfiguration;
			buildSettings = {
				ALWAYS_SEARCH_USER_PATHS = NO;
				CLANG_CXX_LANGUAGE_STANDARD = "gnu++0x";
				CLANG_CXX_LIBRARY = "libc++";
				CLANG_ENABLE_MODULES = YES;
				CLANG_ENABLE_OBJC_ARC = YES;
				CLANG_WARN_BOOL_CONVERSION = YES;
				CLANG_WARN_CONSTANT_CONVERSION = YES;
				CLANG_WARN_DIRECT_OBJC_ISA_USAGE = YES_ERROR;
				CLANG_WARN_EMPTY_BODY = YES;
				CLANG_WARN_ENUM_CONVERSION = YES;
				CLANG_WARN_INT_CONVERSION = YES;
				CLANG_WARN_OBJC_ROOT_CLASS = YES_ERROR;
				CLANG_WARN_UNREACHABLE_CODE = YES;
				CLANG_WARN__DUPLICATE_METHOD_MATCH = YES;
				"CODE_SIGN_IDENTITY[sdk=iphoneos*]" = "iPhone Developer";
				COPY_PHASE_STRIP = YES;
				ENABLE_NS_ASSERTIONS = NO;
				ENABLE_STRICT_OBJC_MSGSEND = YES;
				GCC_C_LANGUAGE_STANDARD = gnu99;
				GCC_WARN_64_TO_32_BIT_CONVERSION = YES;
				GCC_WARN_ABOUT_RETURN_TYPE = YES_ERROR;
				GCC_WARN_UNDECLARED_SELECTOR = YES;
				GCC_WARN_UNINITIALIZED_AUTOS = YES_AGGRESSIVE;
				GCC_WARN_UNUSED_FUNCTION = YES;
				GCC_WARN_UNUSED_VARIABLE = YES;
				IPHONEOS_DEPLOYMENT_TARGET = 8.0;
				MTL_ENABLE_DEBUG_INFO = NO;
				SDKROOT = iphoneos;
				TARGETED_DEVICE_FAMILY = "1,2";
				VALIDATE_PRODUCT = YES;
			};
			name = Release;
		};
		3D8F577819BC07F20008FDB9 /* Debug */ = {
			isa = XCBuildConfiguration;
			buildSettings = {
				ASSETCATALOG_COMPILER_APPICON_NAME = AppIcon;
				ASSETCATALOG_COMPILER_LAUNCHIMAGE_NAME = LaunchImage;
				INFOPLIST_FILE = FacebookTake2/Info.plist;
				LD_RUNPATH_SEARCH_PATHS = "$(inherited) @executable_path/Frameworks";
				PRODUCT_NAME = "$(TARGET_NAME)";
			};
			name = Debug;
		};
		3D8F577919BC07F20008FDB9 /* Release */ = {
			isa = XCBuildConfiguration;
			buildSettings = {
				ASSETCATALOG_COMPILER_APPICON_NAME = AppIcon;
				ASSETCATALOG_COMPILER_LAUNCHIMAGE_NAME = LaunchImage;
				INFOPLIST_FILE = FacebookTake2/Info.plist;
				LD_RUNPATH_SEARCH_PATHS = "$(inherited) @executable_path/Frameworks";
				PRODUCT_NAME = "$(TARGET_NAME)";
			};
			name = Release;
		};
		3D8F577B19BC07F20008FDB9 /* Debug */ = {
			isa = XCBuildConfiguration;
			buildSettings = {
				BUNDLE_LOADER = "$(TEST_HOST)";
				FRAMEWORK_SEARCH_PATHS = (
					"$(SDKROOT)/Developer/Library/Frameworks",
					"$(inherited)",
				);
				GCC_PREPROCESSOR_DEFINITIONS = (
					"DEBUG=1",
					"$(inherited)",
				);
				INFOPLIST_FILE = FacebookTake2Tests/Info.plist;
				LD_RUNPATH_SEARCH_PATHS = "$(inherited) @executable_path/Frameworks @loader_path/Frameworks";
				PRODUCT_NAME = "$(TARGET_NAME)";
				TEST_HOST = "$(BUILT_PRODUCTS_DIR)/FacebookTake2.app/FacebookTake2";
			};
			name = Debug;
		};
		3D8F577C19BC07F20008FDB9 /* Release */ = {
			isa = XCBuildConfiguration;
			buildSettings = {
				BUNDLE_LOADER = "$(TEST_HOST)";
				FRAMEWORK_SEARCH_PATHS = (
					"$(SDKROOT)/Developer/Library/Frameworks",
					"$(inherited)",
				);
				INFOPLIST_FILE = FacebookTake2Tests/Info.plist;
				LD_RUNPATH_SEARCH_PATHS = "$(inherited) @executable_path/Frameworks @loader_path/Frameworks";
				PRODUCT_NAME = "$(TARGET_NAME)";
				TEST_HOST = "$(BUILT_PRODUCTS_DIR)/FacebookTake2.app/FacebookTake2";
			};
			name = Release;
		};
/* End XCBuildConfiguration section */

/* Begin XCConfigurationList section */
		3D8F575619BC07F20008FDB9 /* Build configuration list for PBXProject "FacebookTake2" */ = {
			isa = XCConfigurationList;
			buildConfigurations = (
				3D8F577519BC07F20008FDB9 /* Debug */,
				3D8F577619BC07F20008FDB9 /* Release */,
			);
			defaultConfigurationIsVisible = 0;
			defaultConfigurationName = Release;
		};
		3D8F577719BC07F20008FDB9 /* Build configuration list for PBXNativeTarget "FacebookTake2" */ = {
			isa = XCConfigurationList;
			buildConfigurations = (
				3D8F577819BC07F20008FDB9 /* Debug */,
				3D8F577919BC07F20008FDB9 /* Release */,
			);
			defaultConfigurationIsVisible = 0;
		};
		3D8F577A19BC07F20008FDB9 /* Build configuration list for PBXNativeTarget "FacebookTake2Tests" */ = {
			isa = XCConfigurationList;
			buildConfigurations = (
				3D8F577B19BC07F20008FDB9 /* Debug */,
				3D8F577C19BC07F20008FDB9 /* Release */,
			);
			defaultConfigurationIsVisible = 0;
		};
/* End XCConfigurationList section */
	};
	rootObject = 3D8F575319BC07F20008FDB9 /* Project object */;
}
